{
  "object": {
    "pins": [
      {
        "package": "ACCoreData",
        "repositoryURL": "https://github.com/AppCraftTeam/appcraft-core-data-ios.git",
        "state": {
          "branch": null,
          "revision": "11a4b085618e5ff810c5f65f3e02fc9a9736c10c",
          "version": "1.0.1"
        }
      },
      {
        "package": "ACNetwork",
        "repositoryURL": "https://github.com/AppCraftTeam/appcraft-network-ios.git",
        "state": {
          "branch": null,
          "revision": "211164de5e243813cb0000e4b2f5450954df1095",
          "version": "1.0.2"
        }
      }
    ]
  },
  "version": 1
}
